
Microsoft Visual Studio Solution File, Format Version 12.00
# Visual Studio Version 16
VisualStudioVersion = 16.0.31105.61
MinimumVisualStudioVersion = 10.0.40219.1
Project("{FAE04EC0-301F-11D3-BF4B-00C04F79EFBC}") = "EjerciciosRepaso", "EjerciciosRepaso\EjerciciosRepaso.csproj", "{A1195A8F-AF87-4D9D-8B31-1F64B8612A5F}"
EndProject
Global
	GlobalSection(SolutionConfigurationPlatforms) = preSolution
		Debug|Any CPU = Debug|Any CPU
		Release|Any CPU = Release|Any CPU
	EndGlobalSection
	GlobalSection(ProjectConfigurationPlatforms) = postSolution
		{A1195A8F-AF87-4D9D-8B31-1F64B8612A5F}.Debug|Any CPU.ActiveCfg = Debug|Any CPU
		{A1195A8F-AF87-4D9D-8B31-1F64B8612A5F}.Debug|Any CPU.Build.0 = Debug|Any CPU
		{A1195A8F-AF87-4D9D-8B31-1F64B8612A5F}.Release|Any CPU.ActiveCfg = Release|Any CPU
		{A1195A8F-AF87-4D9D-8B31-1F64B8612A5F}.Release|Any CPU.Build.0 = Release|Any CPU
	EndGlobalSection
	GlobalSection(SolutionProperties) = preSolution
		HideSolutionNode = FALSE
	EndGlobalSection
	GlobalSection(ExtensibilityGlobals) = postSolution
		SolutionGuid = {C7B36296-152B-406E-96E8-96168E50C644}
	EndGlobalSection
EndGlobal
